// !$*UTF8*$!
{
	archiveVersion = 1;
	classes = {
	};
	objectVersion = 55;
	objects = {

/* Begin PBXBuildFile section */
		7627C0FF28DE738800565CAF /* NetworkManagerTests.swift in Sources */ = {isa = PBXBuildFile; fileRef = 7627C0FE28DE738800565CAF /* NetworkManagerTests.swift */; };
		7656FF8C28D2215A00EE2BD7 /* Product.swift in Sources */ = {isa = PBXBuildFile; fileRef = 7656FF8B28D2215A00EE2BD7 /* Product.swift */; };
		7656FF8E28D252A200EE2BD7 /* AuthorizationModel.swift in Sources */ = {isa = PBXBuildFile; fileRef = 7656FF8D28D252A200EE2BD7 /* AuthorizationModel.swift */; };
		7656FF9028D2596500EE2BD7 /* CategoryModel.swift in Sources */ = {isa = PBXBuildFile; fileRef = 7656FF8F28D2596500EE2BD7 /* CategoryModel.swift */; };
		7656FF9428D25BAC00EE2BD7 /* ProductsModel.swift in Sources */ = {isa = PBXBuildFile; fileRef = 7656FF9328D25BAC00EE2BD7 /* ProductsModel.swift */; };
		7656FF9628D25D5D00EE2BD7 /* ProductModel.swift in Sources */ = {isa = PBXBuildFile; fileRef = 7656FF9528D25D5D00EE2BD7 /* ProductModel.swift */; };
		7656FF9A28D2869100EE2BD7 /* PictureModel.swift in Sources */ = {isa = PBXBuildFile; fileRef = 7656FF9928D2869100EE2BD7 /* PictureModel.swift */; };
		7656FF9C28D286D800EE2BD7 /* ProductDescriptionModel.swift in Sources */ = {isa = PBXBuildFile; fileRef = 7656FF9B28D286D800EE2BD7 /* ProductDescriptionModel.swift */; };
		7656FF9E28D2874400EE2BD7 /* ProductDetailsModel.swift in Sources */ = {isa = PBXBuildFile; fileRef = 7656FF9D28D2874400EE2BD7 /* ProductDetailsModel.swift */; };
		7656FFA228D288DC00EE2BD7 /* HomeViewModel.swift in Sources */ = {isa = PBXBuildFile; fileRef = 7656FFA128D288DC00EE2BD7 /* HomeViewModel.swift */; };
		768EF62528D369BB006A9D89 /* APIError.swift in Sources */ = {isa = PBXBuildFile; fileRef = 768EF62428D369BB006A9D89 /* APIError.swift */; };
		76A3B9D428D897B000E2732C /* DetailsViewController.swift in Sources */ = {isa = PBXBuildFile; fileRef = 76A3B9D228D897B000E2732C /* DetailsViewController.swift */; };
		76A3B9D528D897B000E2732C /* DetailsViewController.xib in Resources */ = {isa = PBXBuildFile; fileRef = 76A3B9D328D897B000E2732C /* DetailsViewController.xib */; };
		76B9D03628D1411D00E5C410 /* AppDelegate.swift in Sources */ = {isa = PBXBuildFile; fileRef = 76B9D03528D1411D00E5C410 /* AppDelegate.swift */; };
		76B9D03828D1411D00E5C410 /* SceneDelegate.swift in Sources */ = {isa = PBXBuildFile; fileRef = 76B9D03728D1411D00E5C410 /* SceneDelegate.swift */; };
		76B9D03F28D1411E00E5C410 /* Assets.xcassets in Resources */ = {isa = PBXBuildFile; fileRef = 76B9D03E28D1411E00E5C410 /* Assets.xcassets */; };
		76B9D04228D1411E00E5C410 /* LaunchScreen.storyboard in Resources */ = {isa = PBXBuildFile; fileRef = 76B9D04028D1411E00E5C410 /* LaunchScreen.storyboard */; };
		76B9D04C28D1427600E5C410 /* HomeViewController.swift in Sources */ = {isa = PBXBuildFile; fileRef = 76B9D04A28D1427600E5C410 /* HomeViewController.swift */; };
		76B9D04D28D1427600E5C410 /* HomeViewController.xib in Resources */ = {isa = PBXBuildFile; fileRef = 76B9D04B28D1427600E5C410 /* HomeViewController.xib */; };
		76B9D05028D15D7000E5C410 /* HomeTableViewCell.swift in Sources */ = {isa = PBXBuildFile; fileRef = 76B9D04E28D15D7000E5C410 /* HomeTableViewCell.swift */; };
		76B9D05128D15D7000E5C410 /* HomeTableViewCell.xib in Resources */ = {isa = PBXBuildFile; fileRef = 76B9D04F28D15D7000E5C410 /* HomeTableViewCell.xib */; };
		76D9707728DBCA9A008F2E91 /* ApiDataSource.swift in Sources */ = {isa = PBXBuildFile; fileRef = 76D9707628DBCA9A008F2E91 /* ApiDataSource.swift */; };
		76D9707A28DBD3CE008F2E91 /* Environment.swift in Sources */ = {isa = PBXBuildFile; fileRef = 76D9707928DBD3CE008F2E91 /* Environment.swift */; };
		76D9707C28DBEF49008F2E91 /* NetworkManager.swift in Sources */ = {isa = PBXBuildFile; fileRef = 76D9707B28DBEF49008F2E91 /* NetworkManager.swift */; };
		76E7900328D7D0AF00254AD9 /* Notification.swift in Sources */ = {isa = PBXBuildFile; fileRef = 76E7900228D7D0AF00254AD9 /* Notification.swift */; };
/* End PBXBuildFile section */

/* Begin PBXContainerItemProxy section */
		7627C0F928DE733300565CAF /* PBXContainerItemProxy */ = {
			isa = PBXContainerItemProxy;
			containerPortal = 76B9D02A28D1411D00E5C410 /* Project object */;
			proxyType = 1;
			remoteGlobalIDString = 76B9D03128D1411D00E5C410;
			remoteInfo = "Job-Readiness";
		};
/* End PBXContainerItemProxy section */

/* Begin PBXFileReference section */
		7627C0F528DE733300565CAF /* Job-ReadinessTests.xctest */ = {isa = PBXFileReference; explicitFileType = wrapper.cfbundle; includeInIndex = 0; path = "Job-ReadinessTests.xctest"; sourceTree = BUILT_PRODUCTS_DIR; };
		7627C0FE28DE738800565CAF /* NetworkManagerTests.swift */ = {isa = PBXFileReference; lastKnownFileType = sourcecode.swift; path = NetworkManagerTests.swift; sourceTree = "<group>"; };
		7656FF8B28D2215A00EE2BD7 /* Product.swift */ = {isa = PBXFileReference; lastKnownFileType = sourcecode.swift; path = Product.swift; sourceTree = "<group>"; };
		7656FF8D28D252A200EE2BD7 /* AuthorizationModel.swift */ = {isa = PBXFileReference; lastKnownFileType = sourcecode.swift; path = AuthorizationModel.swift; sourceTree = "<group>"; };
		7656FF8F28D2596500EE2BD7 /* CategoryModel.swift */ = {isa = PBXFileReference; lastKnownFileType = sourcecode.swift; path = CategoryModel.swift; sourceTree = "<group>"; };
		7656FF9328D25BAC00EE2BD7 /* ProductsModel.swift */ = {isa = PBXFileReference; lastKnownFileType = sourcecode.swift; path = ProductsModel.swift; sourceTree = "<group>"; };
		7656FF9528D25D5D00EE2BD7 /* ProductModel.swift */ = {isa = PBXFileReference; lastKnownFileType = sourcecode.swift; path = ProductModel.swift; sourceTree = "<group>"; };
		7656FF9928D2869100EE2BD7 /* PictureModel.swift */ = {isa = PBXFileReference; lastKnownFileType = sourcecode.swift; path = PictureModel.swift; sourceTree = "<group>"; };
		7656FF9B28D286D800EE2BD7 /* ProductDescriptionModel.swift */ = {isa = PBXFileReference; lastKnownFileType = sourcecode.swift; path = ProductDescriptionModel.swift; sourceTree = "<group>"; };
		7656FF9D28D2874400EE2BD7 /* ProductDetailsModel.swift */ = {isa = PBXFileReference; lastKnownFileType = sourcecode.swift; path = ProductDetailsModel.swift; sourceTree = "<group>"; };
		7656FFA128D288DC00EE2BD7 /* HomeViewModel.swift */ = {isa = PBXFileReference; lastKnownFileType = sourcecode.swift; path = HomeViewModel.swift; sourceTree = "<group>"; };
		768EF62428D369BB006A9D89 /* APIError.swift */ = {isa = PBXFileReference; lastKnownFileType = sourcecode.swift; path = APIError.swift; sourceTree = "<group>"; };
		76A3B9D228D897B000E2732C /* DetailsViewController.swift */ = {isa = PBXFileReference; lastKnownFileType = sourcecode.swift; path = DetailsViewController.swift; sourceTree = "<group>"; };
		76A3B9D328D897B000E2732C /* DetailsViewController.xib */ = {isa = PBXFileReference; lastKnownFileType = file.xib; path = DetailsViewController.xib; sourceTree = "<group>"; };
		76B9D03228D1411D00E5C410 /* Job-Readiness.app */ = {isa = PBXFileReference; explicitFileType = wrapper.application; includeInIndex = 0; path = "Job-Readiness.app"; sourceTree = BUILT_PRODUCTS_DIR; };
		76B9D03528D1411D00E5C410 /* AppDelegate.swift */ = {isa = PBXFileReference; lastKnownFileType = sourcecode.swift; path = AppDelegate.swift; sourceTree = "<group>"; };
		76B9D03728D1411D00E5C410 /* SceneDelegate.swift */ = {isa = PBXFileReference; lastKnownFileType = sourcecode.swift; path = SceneDelegate.swift; sourceTree = "<group>"; };
		76B9D03E28D1411E00E5C410 /* Assets.xcassets */ = {isa = PBXFileReference; lastKnownFileType = folder.assetcatalog; path = Assets.xcassets; sourceTree = "<group>"; };
		76B9D04128D1411E00E5C410 /* Base */ = {isa = PBXFileReference; lastKnownFileType = file.storyboard; name = Base; path = Base.lproj/LaunchScreen.storyboard; sourceTree = "<group>"; };
		76B9D04328D1411E00E5C410 /* Info.plist */ = {isa = PBXFileReference; lastKnownFileType = text.plist.xml; path = Info.plist; sourceTree = "<group>"; };
		76B9D04A28D1427600E5C410 /* HomeViewController.swift */ = {isa = PBXFileReference; lastKnownFileType = sourcecode.swift; path = HomeViewController.swift; sourceTree = "<group>"; };
		76B9D04B28D1427600E5C410 /* HomeViewController.xib */ = {isa = PBXFileReference; lastKnownFileType = file.xib; path = HomeViewController.xib; sourceTree = "<group>"; };
		76B9D04E28D15D7000E5C410 /* HomeTableViewCell.swift */ = {isa = PBXFileReference; lastKnownFileType = sourcecode.swift; path = HomeTableViewCell.swift; sourceTree = "<group>"; };
		76B9D04F28D15D7000E5C410 /* HomeTableViewCell.xib */ = {isa = PBXFileReference; lastKnownFileType = file.xib; path = HomeTableViewCell.xib; sourceTree = "<group>"; };
		76D9707628DBCA9A008F2E91 /* ApiDataSource.swift */ = {isa = PBXFileReference; lastKnownFileType = sourcecode.swift; path = ApiDataSource.swift; sourceTree = "<group>"; };
		76D9707928DBD3CE008F2E91 /* Environment.swift */ = {isa = PBXFileReference; lastKnownFileType = sourcecode.swift; path = Environment.swift; sourceTree = "<group>"; };
		76D9707B28DBEF49008F2E91 /* NetworkManager.swift */ = {isa = PBXFileReference; lastKnownFileType = sourcecode.swift; path = NetworkManager.swift; sourceTree = "<group>"; };
		76E7900228D7D0AF00254AD9 /* Notification.swift */ = {isa = PBXFileReference; lastKnownFileType = sourcecode.swift; path = Notification.swift; sourceTree = "<group>"; };
/* End PBXFileReference section */

/* Begin PBXFrameworksBuildPhase section */
		7627C0F228DE733300565CAF /* Frameworks */ = {
			isa = PBXFrameworksBuildPhase;
			buildActionMask = 2147483647;
			files = (
			);
			runOnlyForDeploymentPostprocessing = 0;
		};
		76B9D02F28D1411D00E5C410 /* Frameworks */ = {
			isa = PBXFrameworksBuildPhase;
			buildActionMask = 2147483647;
			files = (
			);
			runOnlyForDeploymentPostprocessing = 0;
		};
/* End PBXFrameworksBuildPhase section */

/* Begin PBXGroup section */
		7627C0F628DE733300565CAF /* Job-ReadinessTests */ = {
			isa = PBXGroup;
			children = (
				7627C0FE28DE738800565CAF /* NetworkManagerTests.swift */,
			);
			path = "Job-ReadinessTests";
			sourceTree = "<group>";
		};
		7656FF8A28D2213600EE2BD7 /* Models */ = {
			isa = PBXGroup;
			children = (
				7656FF8B28D2215A00EE2BD7 /* Product.swift */,
				7656FF8D28D252A200EE2BD7 /* AuthorizationModel.swift */,
				7656FF8F28D2596500EE2BD7 /* CategoryModel.swift */,
				7656FF9328D25BAC00EE2BD7 /* ProductsModel.swift */,
				7656FF9528D25D5D00EE2BD7 /* ProductModel.swift */,
				7656FF9928D2869100EE2BD7 /* PictureModel.swift */,
				7656FF9B28D286D800EE2BD7 /* ProductDescriptionModel.swift */,
				7656FF9D28D2874400EE2BD7 /* ProductDetailsModel.swift */,
			);
			path = Models;
			sourceTree = "<group>";
		};
		7656FF9F28D2882E00EE2BD7 /* AppDelegate */ = {
			isa = PBXGroup;
			children = (
				76B9D03728D1411D00E5C410 /* SceneDelegate.swift */,
				76B9D03528D1411D00E5C410 /* AppDelegate.swift */,
			);
			path = AppDelegate;
			sourceTree = "<group>";
		};
		7656FFA028D2885D00EE2BD7 /* Resources */ = {
			isa = PBXGroup;
			children = (
				76B9D04028D1411E00E5C410 /* LaunchScreen.storyboard */,
				76B9D03E28D1411E00E5C410 /* Assets.xcassets */,
			);
			path = Resources;
			sourceTree = "<group>";
		};
		768A687B28D28DFA00A8EBF7 /* Services */ = {
			isa = PBXGroup;
			children = (
				76D9707628DBCA9A008F2E91 /* ApiDataSource.swift */,
			);
			path = Services;
			sourceTree = "<group>";
		};
		768A687E28D29F8D00A8EBF7 /* Network */ = {
			isa = PBXGroup;
			children = (
				768EF62428D369BB006A9D89 /* APIError.swift */,
				76D9707B28DBEF49008F2E91 /* NetworkManager.swift */,
			);
			path = Network;
			sourceTree = "<group>";
		};
		76B9D02928D1411D00E5C410 = {
			isa = PBXGroup;
			children = (
				76B9D03428D1411D00E5C410 /* Job-Readiness */,
				7627C0F628DE733300565CAF /* Job-ReadinessTests */,
				76B9D03328D1411D00E5C410 /* Products */,
			);
			sourceTree = "<group>";
		};
		76B9D03328D1411D00E5C410 /* Products */ = {
			isa = PBXGroup;
			children = (
				76B9D03228D1411D00E5C410 /* Job-Readiness.app */,
				7627C0F528DE733300565CAF /* Job-ReadinessTests.xctest */,
			);
			name = Products;
			sourceTree = "<group>";
		};
		76B9D03428D1411D00E5C410 /* Job-Readiness */ = {
			isa = PBXGroup;
			children = (
				76D9707828DBD004008F2E91 /* Environment */,
				76E7900128D7D0A200254AD9 /* Components */,
				768A687E28D29F8D00A8EBF7 /* Network */,
				768A687B28D28DFA00A8EBF7 /* Services */,
				76B9D04328D1411E00E5C410 /* Info.plist */,
				7656FFA028D2885D00EE2BD7 /* Resources */,
				7656FF9F28D2882E00EE2BD7 /* AppDelegate */,
				7656FF8A28D2213600EE2BD7 /* Models */,
				76B9D04928D1422F00E5C410 /* Screens */,
			);
			path = "Job-Readiness";
			sourceTree = "<group>";
		};
		76B9D04928D1422F00E5C410 /* Screens */ = {
			isa = PBXGroup;
			children = (
				76B9D04A28D1427600E5C410 /* HomeViewController.swift */,
				76B9D04B28D1427600E5C410 /* HomeViewController.xib */,
				76B9D04E28D15D7000E5C410 /* HomeTableViewCell.swift */,
				76B9D04F28D15D7000E5C410 /* HomeTableViewCell.xib */,
				7656FFA128D288DC00EE2BD7 /* HomeViewModel.swift */,
				76A3B9D228D897B000E2732C /* DetailsViewController.swift */,
				76A3B9D328D897B000E2732C /* DetailsViewController.xib */,
			);
			path = Screens;
			sourceTree = "<group>";
		};
		76D9707828DBD004008F2E91 /* Environment */ = {
			isa = PBXGroup;
			children = (
				76D9707928DBD3CE008F2E91 /* Environment.swift */,
			);
			path = Environment;
			sourceTree = "<group>";
		};
		76E7900128D7D0A200254AD9 /* Components */ = {
			isa = PBXGroup;
			children = (
				76E7900228D7D0AF00254AD9 /* Notification.swift */,
			);
			path = Components;
			sourceTree = "<group>";
		};
/* End PBXGroup section */

/* Begin PBXNativeTarget section */
		7627C0F428DE733300565CAF /* Job-ReadinessTests */ = {
			isa = PBXNativeTarget;
			buildConfigurationList = 7627C0FB28DE733300565CAF /* Build configuration list for PBXNativeTarget "Job-ReadinessTests" */;
			buildPhases = (
				7627C0F128DE733300565CAF /* Sources */,
				7627C0F228DE733300565CAF /* Frameworks */,
				7627C0F328DE733300565CAF /* Resources */,
			);
			buildRules = (
			);
			dependencies = (
				7627C0FA28DE733300565CAF /* PBXTargetDependency */,
			);
			name = "Job-ReadinessTests";
			productName = "Job-ReadinessTests";
			productReference = 7627C0F528DE733300565CAF /* Job-ReadinessTests.xctest */;
			productType = "com.apple.product-type.bundle.unit-test";
		};
		76B9D03128D1411D00E5C410 /* Job-Readiness */ = {
			isa = PBXNativeTarget;
			buildConfigurationList = 76B9D04628D1411E00E5C410 /* Build configuration list for PBXNativeTarget "Job-Readiness" */;
			buildPhases = (
				76B9D02E28D1411D00E5C410 /* Sources */,
				76B9D02F28D1411D00E5C410 /* Frameworks */,
				76B9D03028D1411D00E5C410 /* Resources */,
			);
			buildRules = (
			);
			dependencies = (
			);
			name = "Job-Readiness";
			productName = "Job-Readiness";
			productReference = 76B9D03228D1411D00E5C410 /* Job-Readiness.app */;
			productType = "com.apple.product-type.application";
		};
/* End PBXNativeTarget section */

/* Begin PBXProject section */
		76B9D02A28D1411D00E5C410 /* Project object */ = {
			isa = PBXProject;
			attributes = {
				BuildIndependentTargetsInParallel = 1;
				LastSwiftUpdateCheck = 1340;
				LastUpgradeCheck = 1340;
				TargetAttributes = {
					7627C0F428DE733300565CAF = {
						CreatedOnToolsVersion = 13.4.1;
						TestTargetID = 76B9D03128D1411D00E5C410;
					};
					76B9D03128D1411D00E5C410 = {
						CreatedOnToolsVersion = 13.4.1;
					};
				};
			};
			buildConfigurationList = 76B9D02D28D1411D00E5C410 /* Build configuration list for PBXProject "Job-Readiness" */;
			compatibilityVersion = "Xcode 13.0";
			developmentRegion = en;
			hasScannedForEncodings = 0;
			knownRegions = (
				en,
				Base,
			);
			mainGroup = 76B9D02928D1411D00E5C410;
			productRefGroup = 76B9D03328D1411D00E5C410 /* Products */;
			projectDirPath = "";
			projectRoot = "";
			targets = (
				76B9D03128D1411D00E5C410 /* Job-Readiness */,
				7627C0F428DE733300565CAF /* Job-ReadinessTests */,
			);
		};
/* End PBXProject section */

/* Begin PBXResourcesBuildPhase section */
		7627C0F328DE733300565CAF /* Resources */ = {
			isa = PBXResourcesBuildPhase;
			buildActionMask = 2147483647;
			files = (
			);
			runOnlyForDeploymentPostprocessing = 0;
		};
		76B9D03028D1411D00E5C410 /* Resources */ = {
			isa = PBXResourcesBuildPhase;
			buildActionMask = 2147483647;
			files = (
				76B9D04228D1411E00E5C410 /* LaunchScreen.storyboard in Resources */,
				76B9D03F28D1411E00E5C410 /* Assets.xcassets in Resources */,
				76A3B9D528D897B000E2732C /* DetailsViewController.xib in Resources */,
				76B9D05128D15D7000E5C410 /* HomeTableViewCell.xib in Resources */,
				76B9D04D28D1427600E5C410 /* HomeViewController.xib in Resources */,
			);
			runOnlyForDeploymentPostprocessing = 0;
		};
/* End PBXResourcesBuildPhase section */

/* Begin PBXSourcesBuildPhase section */
		7627C0F128DE733300565CAF /* Sources */ = {
			isa = PBXSourcesBuildPhase;
			buildActionMask = 2147483647;
			files = (
				7627C0FF28DE738800565CAF /* NetworkManagerTests.swift in Sources */,
			);
			runOnlyForDeploymentPostprocessing = 0;
		};
		76B9D02E28D1411D00E5C410 /* Sources */ = {
			isa = PBXSourcesBuildPhase;
			buildActionMask = 2147483647;
			files = (
				7656FF9A28D2869100EE2BD7 /* PictureModel.swift in Sources */,
				7656FF9E28D2874400EE2BD7 /* ProductDetailsModel.swift in Sources */,
				76E7900328D7D0AF00254AD9 /* Notification.swift in Sources */,
				76D9707C28DBEF49008F2E91 /* NetworkManager.swift in Sources */,
				7656FF9C28D286D800EE2BD7 /* ProductDescriptionModel.swift in Sources */,
				76B9D05028D15D7000E5C410 /* HomeTableViewCell.swift in Sources */,
				76B9D03628D1411D00E5C410 /* AppDelegate.swift in Sources */,
				76B9D03828D1411D00E5C410 /* SceneDelegate.swift in Sources */,
				76B9D04C28D1427600E5C410 /* HomeViewController.swift in Sources */,
				76D9707A28DBD3CE008F2E91 /* Environment.swift in Sources */,
				7656FF9028D2596500EE2BD7 /* CategoryModel.swift in Sources */,
				76A3B9D428D897B000E2732C /* DetailsViewController.swift in Sources */,
				7656FF9628D25D5D00EE2BD7 /* ProductModel.swift in Sources */,
				76D9707728DBCA9A008F2E91 /* ApiDataSource.swift in Sources */,
				7656FF8C28D2215A00EE2BD7 /* Product.swift in Sources */,
				7656FF8E28D252A200EE2BD7 /* AuthorizationModel.swift in Sources */,
				7656FFA228D288DC00EE2BD7 /* HomeViewModel.swift in Sources */,
				7656FF9428D25BAC00EE2BD7 /* ProductsModel.swift in Sources */,
				768EF62528D369BB006A9D89 /* APIError.swift in Sources */,
			);
			runOnlyForDeploymentPostprocessing = 0;
		};
/* End PBXSourcesBuildPhase section */

/* Begin PBXTargetDependency section */
		7627C0FA28DE733300565CAF /* PBXTargetDependency */ = {
			isa = PBXTargetDependency;
			target = 76B9D03128D1411D00E5C410 /* Job-Readiness */;
			targetProxy = 7627C0F928DE733300565CAF /* PBXContainerItemProxy */;
		};
/* End PBXTargetDependency section */

/* Begin PBXVariantGroup section */
		76B9D04028D1411E00E5C410 /* LaunchScreen.storyboard */ = {
			isa = PBXVariantGroup;
			children = (
				76B9D04128D1411E00E5C410 /* Base */,
			);
			name = LaunchScreen.storyboard;
			sourceTree = "<group>";
		};
/* End PBXVariantGroup section */

/* Begin XCBuildConfiguration section */
		7627C0FC28DE733300565CAF /* Debug */ = {
			isa = XCBuildConfiguration;
			buildSettings = {
				BUNDLE_LOADER = "$(TEST_HOST)";
				CODE_SIGN_STYLE = Automatic;
				CURRENT_PROJECT_VERSION = 1;
				GENERATE_INFOPLIST_FILE = YES;
				MARKETING_VERSION = 1.0;
				PRODUCT_BUNDLE_IDENTIFIER = "Alkemy.Job-ReadinessTests";
				PRODUCT_NAME = "$(TARGET_NAME)";
				SWIFT_EMIT_LOC_STRINGS = NO;
				SWIFT_VERSION = 5.0;
				TARGETED_DEVICE_FAMILY = "1,2";
				TEST_HOST = "$(BUILT_PRODUCTS_DIR)/Job-Readiness.app/Job-Readiness";
			};
			name = Debug;
		};
		7627C0FD28DE733300565CAF /* Release */ = {
			isa = XCBuildConfiguration;
			buildSettings = {
				BUNDLE_LOADER = "$(TEST_HOST)";
				CODE_SIGN_STYLE = Automatic;
				CURRENT_PROJECT_VERSION = 1;
				GENERATE_INFOPLIST_FILE = YES;
				MARKETING_VERSION = 1.0;
				PRODUCT_BUNDLE_IDENTIFIER = "Alkemy.Job-ReadinessTests";
				PRODUCT_NAME = "$(TARGET_NAME)";
				SWIFT_EMIT_LOC_STRINGS = NO;
				SWIFT_VERSION = 5.0;
				TARGETED_DEVICE_FAMILY = "1,2";
				TEST_HOST = "$(BUILT_PRODUCTS_DIR)/Job-Readiness.app/Job-Readiness";
			};
			name = Release;
		};
		76B9D04428D1411E00E5C410 /* Debug */ = {
			isa = XCBuildConfiguration;
			buildSettings = {
				ALWAYS_SEARCH_USER_PATHS = NO;
				CLANG_ANALYZER_NONNULL = YES;
				CLANG_ANALYZER_NUMBER_OBJECT_CONVERSION = YES_AGGRESSIVE;
				CLANG_CXX_LANGUAGE_STANDARD = "gnu++17";
				CLANG_ENABLE_MODULES = YES;
				CLANG_ENABLE_OBJC_ARC = YES;
				CLANG_ENABLE_OBJC_WEAK = YES;
				CLANG_WARN_BLOCK_CAPTURE_AUTORELEASING = YES;
				CLANG_WARN_BOOL_CONVERSION = YES;
				CLANG_WARN_COMMA = YES;
				CLANG_WARN_CONSTANT_CONVERSION = YES;
				CLANG_WARN_DEPRECATED_OBJC_IMPLEMENTATIONS = YES;
				CLANG_WARN_DIRECT_OBJC_ISA_USAGE = YES_ERROR;
				CLANG_WARN_DOCUMENTATION_COMMENTS = YES;
				CLANG_WARN_EMPTY_BODY = YES;
				CLANG_WARN_ENUM_CONVERSION = YES;
				CLANG_WARN_INFINITE_RECURSION = YES;
				CLANG_WARN_INT_CONVERSION = YES;
				CLANG_WARN_NON_LITERAL_NULL_CONVERSION = YES;
				CLANG_WARN_OBJC_IMPLICIT_RETAIN_SELF = YES;
				CLANG_WARN_OBJC_LITERAL_CONVERSION = YES;
				CLANG_WARN_OBJC_ROOT_CLASS = YES_ERROR;
				CLANG_WARN_QUOTED_INCLUDE_IN_FRAMEWORK_HEADER = YES;
				CLANG_WARN_RANGE_LOOP_ANALYSIS = YES;
				CLANG_WARN_STRICT_PROTOTYPES = YES;
				CLANG_WARN_SUSPICIOUS_MOVE = YES;
				CLANG_WARN_UNGUARDED_AVAILABILITY = YES_AGGRESSIVE;
				CLANG_WARN_UNREACHABLE_CODE = YES;
				CLANG_WARN__DUPLICATE_METHOD_MATCH = YES;
				COPY_PHASE_STRIP = NO;
				DEBUG_INFORMATION_FORMAT = dwarf;
				ENABLE_STRICT_OBJC_MSGSEND = YES;
				ENABLE_TESTABILITY = YES;
				GCC_C_LANGUAGE_STANDARD = gnu11;
				GCC_DYNAMIC_NO_PIC = NO;
				GCC_NO_COMMON_BLOCKS = YES;
				GCC_OPTIMIZATION_LEVEL = 0;
				GCC_PREPROCESSOR_DEFINITIONS = (
					"DEBUG=1",
					"$(inherited)",
				);
				GCC_WARN_64_TO_32_BIT_CONVERSION = YES;
				GCC_WARN_ABOUT_RETURN_TYPE = YES_ERROR;
				GCC_WARN_UNDECLARED_SELECTOR = YES;
				GCC_WARN_UNINITIALIZED_AUTOS = YES_AGGRESSIVE;
				GCC_WARN_UNUSED_FUNCTION = YES;
				GCC_WARN_UNUSED_VARIABLE = YES;
				IPHONEOS_DEPLOYMENT_TARGET = 15.5;
				MTL_ENABLE_DEBUG_INFO = INCLUDE_SOURCE;
				MTL_FAST_MATH = YES;
				ONLY_ACTIVE_ARCH = YES;
				SDKROOT = iphoneos;
				SWIFT_ACTIVE_COMPILATION_CONDITIONS = DEBUG;
				SWIFT_OPTIMIZATION_LEVEL = "-Onone";
			};
			name = Debug;
		};
		76B9D04528D1411E00E5C410 /* Release */ = {
			isa = XCBuildConfiguration;
			buildSettings = {
				ALWAYS_SEARCH_USER_PATHS = NO;
				CLANG_ANALYZER_NONNULL = YES;
				CLANG_ANALYZER_NUMBER_OBJECT_CONVERSION = YES_AGGRESSIVE;
				CLANG_CXX_LANGUAGE_STANDARD = "gnu++17";
				CLANG_ENABLE_MODULES = YES;
				CLANG_ENABLE_OBJC_ARC = YES;
				CLANG_ENABLE_OBJC_WEAK = YES;
				CLANG_WARN_BLOCK_CAPTURE_AUTORELEASING = YES;
				CLANG_WARN_BOOL_CONVERSION = YES;
				CLANG_WARN_COMMA = YES;
				CLANG_WARN_CONSTANT_CONVERSION = YES;
				CLANG_WARN_DEPRECATED_OBJC_IMPLEMENTATIONS = YES;
				CLANG_WARN_DIRECT_OBJC_ISA_USAGE = YES_ERROR;
				CLANG_WARN_DOCUMENTATION_COMMENTS = YES;
				CLANG_WARN_EMPTY_BODY = YES;
				CLANG_WARN_ENUM_CONVERSION = YES;
				CLANG_WARN_INFINITE_RECURSION = YES;
				CLANG_WARN_INT_CONVERSION = YES;
				CLANG_WARN_NON_LITERAL_NULL_CONVERSION = YES;
				CLANG_WARN_OBJC_IMPLICIT_RETAIN_SELF = YES;
				CLANG_WARN_OBJC_LITERAL_CONVERSION = YES;
				CLANG_WARN_OBJC_ROOT_CLASS = YES_ERROR;
				CLANG_WARN_QUOTED_INCLUDE_IN_FRAMEWORK_HEADER = YES;
				CLANG_WARN_RANGE_LOOP_ANALYSIS = YES;
				CLANG_WARN_STRICT_PROTOTYPES = YES;
				CLANG_WARN_SUSPICIOUS_MOVE = YES;
				CLANG_WARN_UNGUARDED_AVAILABILITY = YES_AGGRESSIVE;
				CLANG_WARN_UNREACHABLE_CODE = YES;
				CLANG_WARN__DUPLICATE_METHOD_MATCH = YES;
				COPY_PHASE_STRIP = NO;
				DEBUG_INFORMATION_FORMAT = "dwarf-with-dsym";
				ENABLE_NS_ASSERTIONS = NO;
				ENABLE_STRICT_OBJC_MSGSEND = YES;
				GCC_C_LANGUAGE_STANDARD = gnu11;
				GCC_NO_COMMON_BLOCKS = YES;
				GCC_WARN_64_TO_32_BIT_CONVERSION = YES;
				GCC_WARN_ABOUT_RETURN_TYPE = YES_ERROR;
				GCC_WARN_UNDECLARED_SELECTOR = YES;
				GCC_WARN_UNINITIALIZED_AUTOS = YES_AGGRESSIVE;
				GCC_WARN_UNUSED_FUNCTION = YES;
				GCC_WARN_UNUSED_VARIABLE = YES;
				IPHONEOS_DEPLOYMENT_TARGET = 15.5;
				MTL_ENABLE_DEBUG_INFO = NO;
				MTL_FAST_MATH = YES;
				SDKROOT = iphoneos;
				SWIFT_COMPILATION_MODE = wholemodule;
				SWIFT_OPTIMIZATION_LEVEL = "-O";
				VALIDATE_PRODUCT = YES;
			};
			name = Release;
		};
		76B9D04728D1411E00E5C410 /* Debug */ = {
			isa = XCBuildConfiguration;
			buildSettings = {
				ASSETCATALOG_COMPILER_APPICON_NAME = AppIcon;
				ASSETCATALOG_COMPILER_GLOBAL_ACCENT_COLOR_NAME = AccentColor;
				CODE_SIGN_STYLE = Automatic;
				CURRENT_PROJECT_VERSION = 1;
				GENERATE_INFOPLIST_FILE = YES;
				INFOPLIST_FILE = "Job-Readiness/Info.plist";
				INFOPLIST_KEY_UIApplicationSupportsIndirectInputEvents = YES;
				INFOPLIST_KEY_UILaunchStoryboardName = LaunchScreen;
				INFOPLIST_KEY_UISupportedInterfaceOrientations_iPad = "UIInterfaceOrientationPortrait UIInterfaceOrientationPortraitUpsideDown UIInterfaceOrientationLandscapeLeft UIInterfaceOrientationLandscapeRight";
				INFOPLIST_KEY_UISupportedInterfaceOrientations_iPhone = "UIInterfaceOrientationPortrait UIInterfaceOrientationLandscapeLeft UIInterfaceOrientationLandscapeRight";
				LD_RUNPATH_SEARCH_PATHS = (
					"$(inherited)",
					"@executable_path/Frameworks",
				);
				MARKETING_VERSION = 1.0;
				PRODUCT_BUNDLE_IDENTIFIER = "Alkemy.Job-Readiness";
				PRODUCT_NAME = "$(TARGET_NAME)";
				SWIFT_EMIT_LOC_STRINGS = YES;
				SWIFT_VERSION = 5.0;
				TARGETED_DEVICE_FAMILY = "1,2";
			};
			name = Debug;
		};
		76B9D04828D1411E00E5C410 /* Release */ = {
			isa = XCBuildConfiguration;
			buildSettings = {
				ASSETCATALOG_COMPILER_APPICON_NAME = AppIcon;
				ASSETCATALOG_COMPILER_GLOBAL_ACCENT_COLOR_NAME = AccentColor;
				CODE_SIGN_STYLE = Automatic;
				CURRENT_PROJECT_VERSION = 1;
				GENERATE_INFOPLIST_FILE = YES;
				INFOPLIST_FILE = "Job-Readiness/Info.plist";
				INFOPLIST_KEY_UIApplicationSupportsIndirectInputEvents = YES;
				INFOPLIST_KEY_UILaunchStoryboardName = LaunchScreen;
				INFOPLIST_KEY_UISupportedInterfaceOrientations_iPad = "UIInterfaceOrientationPortrait UIInterfaceOrientationPortraitUpsideDown UIInterfaceOrientationLandscapeLeft UIInterfaceOrientationLandscapeRight";
				INFOPLIST_KEY_UISupportedInterfaceOrientations_iPhone = "UIInterfaceOrientationPortrait UIInterfaceOrientationLandscapeLeft UIInterfaceOrientationLandscapeRight";
				LD_RUNPATH_SEARCH_PATHS = (
					"$(inherited)",
					"@executable_path/Frameworks",
				);
				MARKETING_VERSION = 1.0;
				PRODUCT_BUNDLE_IDENTIFIER = "Alkemy.Job-Readiness";
				PRODUCT_NAME = "$(TARGET_NAME)";
				SWIFT_EMIT_LOC_STRINGS = YES;
				SWIFT_VERSION = 5.0;
				TARGETED_DEVICE_FAMILY = "1,2";
			};
			name = Release;
		};
/* End XCBuildConfiguration section */

/* Begin XCConfigurationList section */
		7627C0FB28DE733300565CAF /* Build configuration list for PBXNativeTarget "Job-ReadinessTests" */ = {
			isa = XCConfigurationList;
			buildConfigurations = (
				7627C0FC28DE733300565CAF /* Debug */,
				7627C0FD28DE733300565CAF /* Release */,
			);
			defaultConfigurationIsVisible = 0;
			defaultConfigurationName = Release;
		};
		76B9D02D28D1411D00E5C410 /* Build configuration list for PBXProject "Job-Readiness" */ = {
			isa = XCConfigurationList;
			buildConfigurations = (
				76B9D04428D1411E00E5C410 /* Debug */,
				76B9D04528D1411E00E5C410 /* Release */,
			);
			defaultConfigurationIsVisible = 0;
			defaultConfigurationName = Release;
		};
		76B9D04628D1411E00E5C410 /* Build configuration list for PBXNativeTarget "Job-Readiness" */ = {
			isa = XCConfigurationList;
			buildConfigurations = (
				76B9D04728D1411E00E5C410 /* Debug */,
				76B9D04828D1411E00E5C410 /* Release */,
			);
			defaultConfigurationIsVisible = 0;
			defaultConfigurationName = Release;
		};
/* End XCConfigurationList section */
	};
	rootObject = 76B9D02A28D1411D00E5C410 /* Project object */;
}
